
Microsoft Visual Studio Solution File, Format Version 12.00
# Visual Studio Version 17
VisualStudioVersion = 17.9.34723.18
MinimumVisualStudioVersion = 10.0.40219.1
Project("{FAE04EC0-301F-11D3-BF4B-00C04F79EFBC}") = "Oop.Main", "Oop\Oop.Main.csproj", "{4B6C0E2E-726E-4E3F-9474-30E9FF31D49F}"
EndProject
Global
	GlobalSection(SolutionConfigurationPlatforms) = preSolution
		Debug|Any CPU = Debug|Any CPU
		Release|Any CPU = Release|Any CPU
	EndGlobalSection
	GlobalSection(ProjectConfigurationPlatforms) = postSolution
		{4B6C0E2E-726E-4E3F-9474-30E9FF31D49F}.Debug|Any CPU.ActiveCfg = Debug|Any CPU
		{4B6C0E2E-726E-4E3F-9474-30E9FF31D49F}.Debug|Any CPU.Build.0 = Debug|Any CPU
		{4B6C0E2E-726E-4E3F-9474-30E9FF31D49F}.Release|Any CPU.ActiveCfg = Release|Any CPU
		{4B6C0E2E-726E-4E3F-9474-30E9FF31D49F}.Release|Any CPU.Build.0 = Release|Any CPU
	EndGlobalSection
	GlobalSection(SolutionProperties) = preSolution
		HideSolutionNode = FALSE
	EndGlobalSection
	GlobalSection(ExtensibilityGlobals) = postSolution
		SolutionGuid = {552FB281-64A4-4736-8255-8DA440761881}
	EndGlobalSection
EndGlobal
